{
  "name": "react-boilerplate",
  "version": "4.0.0",
  "lockfileVersion": 1,
  "requires": true,
  "dependencies": {
    "@jason/b": {
      "version": "1.0.10",
      "resolved": "http://localhost:4873/@jason%2fb/-/b-1.0.10.tgz",
      "integrity": "sha512-lirnRqSpENt/Yhkcj9TJfGKEjqJhvKOuyJhsmRf7TPPI8o3UXIQN1MU54RTWJYMJ06MsHGmmyOJ9TK4OVSeOHg==",
      "requires": {
        "@jason/basic": "^1.0.10"
      }
    },
    "@jason/basic": {
      "version": "1.0.10",
      "resolved": "http://localhost:4873/@jason%2fbasic/-/basic-1.0.10.tgz",
      "integrity": "sha512-qy2ESsHspwzA8L0iLYvU5JteFA/uileCNL91NhHV11ufOa3ohgFQvG1QnVYkMynf1GY4VhvZNOsmdT6F2OsAog=="
    },
    "@jason/c": {
      "version": "1.0.10",
      "resolved": "http://localhost:4873/@jason%2fc/-/c-1.0.10.tgz",
      "integrity": "sha512-WoM3T0X2P2SVh73gkaButO6GOdG35UaPQzb9XxBgBrGDA6HwpVacJlcsAbOJlqsDJYZv+EwWiPB54Z9tJurazw==",
      "requires": {
        "@jason/basic": "^1.0.10"
      }
    },
    "@jason/d": {
      "version": "1.0.10",
      "resolved": "http://localhost:4873/@jason%2fd/-/d-1.0.10.tgz",
      "integrity": "sha512-Y9DBgoLMMJWWrPz4BeCcTOkTU1huJWYkKN4NsH7CwJDtgzaWN23yFwhJVm0kFK9Z7KAgb5X58784KSn/YS9YNw==",
      "requires": {
        "@jason/b": "^1.0.10",
        "@jason/basic": "^1.0.10",
        "@jason/c": "^1.0.10"
      }
    },
    "@jason/e": {
      "version": "1.0.10",
      "resolved": "http://localhost:4873/@jason%2fe/-/e-1.0.10.tgz",
      "integrity": "sha512-3Lk1vDjMBDJPaNjYymegRafYhY1XZkYR7S3IA+HH/25CjSXjGskuVKkZnAcznvj/Kx+vORODn/X3can3ygSb9w=="
    }
  }
}
